
Microsoft Visual Studio Solution File, Format Version 12.00
# Visual Studio Version 17
VisualStudioVersion = 17.7.34202.233
MinimumVisualStudioVersion = 10.0.40219.1
Project("{8BC9CEB8-8B4A-11D0-8D11-00A0C91BC942}") = "Project1", "Project1\Project1.vcxproj", "{EA5112C7-9BAC-46DA-8B60-B58A1745224B}"
EndProject
Global
	GlobalSection(SolutionConfigurationPlatforms) = preSolution
		Debug|x64 = Debug|x64
		Debug|x86 = Debug|x86
		Release|x64 = Release|x64
		Release|x86 = Release|x86
	EndGlobalSection
	GlobalSection(ProjectConfigurationPlatforms) = postSolution
		{EA5112C7-9BAC-46DA-8B60-B58A1745224B}.Debug|x64.ActiveCfg = Debug|x64
		{EA5112C7-9BAC-46DA-8B60-B58A1745224B}.Debug|x64.Build.0 = Debug|x64
		{EA5112C7-9BAC-46DA-8B60-B58A1745224B}.Debug|x86.ActiveCfg = Debug|Win32
		{EA5112C7-9BAC-46DA-8B60-B58A1745224B}.Debug|x86.Build.0 = Debug|Win32
		{EA5112C7-9BAC-46DA-8B60-B58A1745224B}.Release|x64.ActiveCfg = Release|x64
		{EA5112C7-9BAC-46DA-8B60-B58A1745224B}.Release|x64.Build.0 = Release|x64
		{EA5112C7-9BAC-46DA-8B60-B58A1745224B}.Release|x86.ActiveCfg = Release|Win32
		{EA5112C7-9BAC-46DA-8B60-B58A1745224B}.Release|x86.Build.0 = Release|Win32
	EndGlobalSection
	GlobalSection(SolutionProperties) = preSolution
		HideSolutionNode = FALSE
	EndGlobalSection
	GlobalSection(ExtensibilityGlobals) = postSolution
		SolutionGuid = {440B7B4E-98C9-4E76-B5FA-796717538429}
	EndGlobalSection
EndGlobal
