
Microsoft Visual Studio Solution File, Format Version 12.00
# Visual Studio Version 17
VisualStudioVersion = 17.7.34202.233
MinimumVisualStudioVersion = 10.0.40219.1
Project("{8BC9CEB8-8B4A-11D0-8D11-00A0C91BC942}") = "Project1", "Project1\Project1.vcxproj", "{FE8D41FC-4D91-4A1A-A9F8-4EAEB617D355}"
EndProject
Global
	GlobalSection(SolutionConfigurationPlatforms) = preSolution
		Debug|x64 = Debug|x64
		Debug|x86 = Debug|x86
		Release|x64 = Release|x64
		Release|x86 = Release|x86
	EndGlobalSection
	GlobalSection(ProjectConfigurationPlatforms) = postSolution
		{FE8D41FC-4D91-4A1A-A9F8-4EAEB617D355}.Debug|x64.ActiveCfg = Debug|x64
		{FE8D41FC-4D91-4A1A-A9F8-4EAEB617D355}.Debug|x64.Build.0 = Debug|x64
		{FE8D41FC-4D91-4A1A-A9F8-4EAEB617D355}.Debug|x86.ActiveCfg = Debug|Win32
		{FE8D41FC-4D91-4A1A-A9F8-4EAEB617D355}.Debug|x86.Build.0 = Debug|Win32
		{FE8D41FC-4D91-4A1A-A9F8-4EAEB617D355}.Release|x64.ActiveCfg = Release|x64
		{FE8D41FC-4D91-4A1A-A9F8-4EAEB617D355}.Release|x64.Build.0 = Release|x64
		{FE8D41FC-4D91-4A1A-A9F8-4EAEB617D355}.Release|x86.ActiveCfg = Release|Win32
		{FE8D41FC-4D91-4A1A-A9F8-4EAEB617D355}.Release|x86.Build.0 = Release|Win32
	EndGlobalSection
	GlobalSection(SolutionProperties) = preSolution
		HideSolutionNode = FALSE
	EndGlobalSection
	GlobalSection(ExtensibilityGlobals) = postSolution
		SolutionGuid = {E9E2FA13-6F7F-46D9-8A6A-A2D602BCF270}
	EndGlobalSection
EndGlobal
